{
  "name": "zameen",
  "lockfileVersion": 3,
  "requires": true,
  "packages": {
    "": {
      "dependencies": {
        "@heroicons/react": "^2.1.1",
        "glide": "^0.2.0",
        "react-icons": "^5.0.1",
        "start": "^5.1.0"
      }
    },
    "node_modules/@heroicons/react": {
      "version": "2.1.1",
      "resolved": "https://registry.npmjs.org/@heroicons/react/-/react-2.1.1.tgz",
      "integrity": "sha512-JyyN9Lo66kirbCMuMMRPtJxtKJoIsXKS569ebHGGRKbl8s4CtUfLnyKJxteA+vIKySocO4s1SkTkGS4xtG/yEA==",
      "peerDependencies": {
        "react": ">= 16"
      }
    },
    "node_modules/glide": {
      "version": "0.2.0",
      "resolved": "https://registry.npmjs.org/glide/-/glide-0.2.0.tgz",
      "integrity": "sha512-Yq4N0+OLVBtQ/gegZAo54p/1ZWWjpNVBQ85Hr2V2JABifFs87vavAjME79Ej2lrOpNGK/WykRMvL1+MpoGYIIw==",
      "dependencies": {
        "tween.js": "~0.14.0"
      }
    },
    "node_modules/js-tokens": {
      "version": "4.0.0",
      "resolved": "https://registry.npmjs.org/js-tokens/-/js-tokens-4.0.0.tgz",
      "integrity": "sha512-RdJUflcE3cUzKiMqQgsCu06FPu9UdIJO0beYbPhHN4k6apgJtifcoCtT9bcxOpYBtpD2kCM6Sbzg4CausW/PKQ==",
      "peer": true
    },
    "node_modules/loose-envify": {
      "version": "1.4.0",
      "resolved": "https://registry.npmjs.org/loose-envify/-/loose-envify-1.4.0.tgz",
      "integrity": "sha512-lyuxPGr/Wfhrlem2CL/UcnUc1zcqKAImBDzukY7Y5F/yQiNdko6+fRLevlw1HgMySw7f611UIY408EtxRSoK3Q==",
      "peer": true,
      "dependencies": {
        "js-tokens": "^3.0.0 || ^4.0.0"
      },
      "bin": {
        "loose-envify": "cli.js"
      }
    },
    "node_modules/react": {
      "version": "18.2.0",
      "resolved": "https://registry.npmjs.org/react/-/react-18.2.0.tgz",
      "integrity": "sha512-/3IjMdb2L9QbBdWiW5e3P2/npwMBaU9mHCSCUzNln0ZCYbcfTsGbTJrU/kGemdH2IWmB2ioZ+zkxtmq6g09fGQ==",
      "peer": true,
      "dependencies": {
        "loose-envify": "^1.1.0"
      },
      "engines": {
        "node": ">=0.10.0"
      }
    },
    "node_modules/react-icons": {
      "version": "5.0.1",
      "resolved": "https://registry.npmjs.org/react-icons/-/react-icons-5.0.1.tgz",
      "integrity": "sha512-WqLZJ4bLzlhmsvme6iFdgO8gfZP17rfjYEJ2m9RsZjZ+cc4k1hTzknEz63YS1MeT50kVzoa1Nz36f4BEx+Wigw==",
      "peerDependencies": {
        "react": "*"
      }
    },
    "node_modules/start": {
      "version": "5.1.0",
      "resolved": "https://registry.npmjs.org/start/-/start-5.1.0.tgz",
      "integrity": "sha512-lirwWQmvBC65bnxU3HzKx5m7vfZJZTx/FrKyPWbtobcvujGbinQQRrNodtcgkp4mTZ00umzDeg7lraN351l0aA==",
      "deprecated": "Deprecated in favor of https://github.com/deepsweet/start",
      "engines": {
        "node": ">=4"
      }
    },
    "node_modules/tween.js": {
      "version": "0.14.0",
      "resolved": "https://registry.npmjs.org/tween.js/-/tween.js-0.14.0.tgz",
      "integrity": "sha512-+kOicDWXrDnkVaVF7hSpEXSdskOq2NPdszdY4+DzL7Sy9W0SSqmqYBtoU4PjHhfZjre6gopcl2lXf1Ju4PM6/A==",
      "deprecated": "This package has moved to @tweenjs/tween.js. Please update your dependencies."
    }
  }
}
